// !$*UTF8*$!
{
	archiveVersion = 1;
	classes = {
	};
	objectVersion = 46;
	objects = {

/* Begin PBXBuildFile section */
		67858A3F1A789F1E00114EE7 /* AppDelegate.swift in Sources */ = {isa = PBXBuildFile; fileRef = 67858A3E1A789F1E00114EE7 /* AppDelegate.swift */; };
		67858A411A789F1E00114EE7 /* RootViewController.swift in Sources */ = {isa = PBXBuildFile; fileRef = 67858A401A789F1E00114EE7 /* RootViewController.swift */; };
		67858A431A789F1E00114EE7 /* DataViewController.swift in Sources */ = {isa = PBXBuildFile; fileRef = 67858A421A789F1E00114EE7 /* DataViewController.swift */; };
		67858A451A789F1E00114EE7 /* ModelController.swift in Sources */ = {isa = PBXBuildFile; fileRef = 67858A441A789F1E00114EE7 /* ModelController.swift */; };
		67858A481A789F1E00114EE7 /* Main.storyboard in Resources */ = {isa = PBXBuildFile; fileRef = 67858A461A789F1E00114EE7 /* Main.storyboard */; };
		67858A4A1A789F1E00114EE7 /* Images.xcassets in Resources */ = {isa = PBXBuildFile; fileRef = 67858A491A789F1E00114EE7 /* Images.xcassets */; };
		67858A4D1A789F1E00114EE7 /* LaunchScreen.xib in Resources */ = {isa = PBXBuildFile; fileRef = 67858A4B1A789F1E00114EE7 /* LaunchScreen.xib */; };
		67858A591A789F1E00114EE7 /* PageTests.swift in Sources */ = {isa = PBXBuildFile; fileRef = 67858A581A789F1E00114EE7 /* PageTests.swift */; };
/* End PBXBuildFile section */

/* Begin PBXContainerItemProxy section */
		67858A531A789F1E00114EE7 /* PBXContainerItemProxy */ = {
			isa = PBXContainerItemProxy;
			containerPortal = 67858A311A789F1E00114EE7 /* Project object */;
			proxyType = 1;
			remoteGlobalIDString = 67858A381A789F1E00114EE7;
			remoteInfo = Page;
		};
/* End PBXContainerItemProxy section */

/* Begin PBXFileReference section */
		67858A391A789F1E00114EE7 /* Page.app */ = {isa = PBXFileReference; explicitFileType = wrapper.application; includeInIndex = 0; path = Page.app; sourceTree = BUILT_PRODUCTS_DIR; };
		67858A3D1A789F1E00114EE7 /* Info.plist */ = {isa = PBXFileReference; lastKnownFileType = text.plist.xml; path = Info.plist; sourceTree = "<group>"; };
		67858A3E1A789F1E00114EE7 /* AppDelegate.swift */ = {isa = PBXFileReference; lastKnownFileType = sourcecode.swift; path = AppDelegate.swift; sourceTree = "<group>"; };
		67858A401A789F1E00114EE7 /* RootViewController.swift */ = {isa = PBXFileReference; lastKnownFileType = sourcecode.swift; path = RootViewController.swift; sourceTree = "<group>"; };
		67858A421A789F1E00114EE7 /* DataViewController.swift */ = {isa = PBXFileReference; lastKnownFileType = sourcecode.swift; path = DataViewController.swift; sourceTree = "<group>"; };
		67858A441A789F1E00114EE7 /* ModelController.swift */ = {isa = PBXFileReference; lastKnownFileType = sourcecode.swift; path = ModelController.swift; sourceTree = "<group>"; };
		67858A471A789F1E00114EE7 /* Base */ = {isa = PBXFileReference; lastKnownFileType = file.storyboard; name = Base; path = Base.lproj/Main.storyboard; sourceTree = "<group>"; };
		67858A491A789F1E00114EE7 /* Images.xcassets */ = {isa = PBXFileReference; lastKnownFileType = folder.assetcatalog; path = Images.xcassets; sourceTree = "<group>"; };
		67858A4C1A789F1E00114EE7 /* Base */ = {isa = PBXFileReference; lastKnownFileType = file.xib; name = Base; path = Base.lproj/LaunchScreen.xib; sourceTree = "<group>"; };
		67858A521A789F1E00114EE7 /* PageTests.xctest */ = {isa = PBXFileReference; explicitFileType = wrapper.cfbundle; includeInIndex = 0; path = PageTests.xctest; sourceTree = BUILT_PRODUCTS_DIR; };
		67858A571A789F1E00114EE7 /* Info.plist */ = {isa = PBXFileReference; lastKnownFileType = text.plist.xml; path = Info.plist; sourceTree = "<group>"; };
		67858A581A789F1E00114EE7 /* PageTests.swift */ = {isa = PBXFileReference; lastKnownFileType = sourcecode.swift; path = PageTests.swift; sourceTree = "<group>"; };
/* End PBXFileReference section */

/* Begin PBXFrameworksBuildPhase section */
		67858A361A789F1E00114EE7 /* Frameworks */ = {
			isa = PBXFrameworksBuildPhase;
			buildActionMask = 2147483647;
			files = (
			);
			runOnlyForDeploymentPostprocessing = 0;
		};
		67858A4F1A789F1E00114EE7 /* Frameworks */ = {
			isa = PBXFrameworksBuildPhase;
			buildActionMask = 2147483647;
			files = (
			);
			runOnlyForDeploymentPostprocessing = 0;
		};
/* End PBXFrameworksBuildPhase section */

/* Begin PBXGroup section */
		67858A301A789F1E00114EE7 = {
			isa = PBXGroup;
			children = (
				67858A3B1A789F1E00114EE7 /* Page */,
				67858A551A789F1E00114EE7 /* PageTests */,
				67858A3A1A789F1E00114EE7 /* Products */,
			);
			sourceTree = "<group>";
		};
		67858A3A1A789F1E00114EE7 /* Products */ = {
			isa = PBXGroup;
			children = (
				67858A391A789F1E00114EE7 /* Page.app */,
				67858A521A789F1E00114EE7 /* PageTests.xctest */,
			);
			name = Products;
			sourceTree = "<group>";
		};
		67858A3B1A789F1E00114EE7 /* Page */ = {
			isa = PBXGroup;
			children = (
				67858A3E1A789F1E00114EE7 /* AppDelegate.swift */,
				67858A401A789F1E00114EE7 /* RootViewController.swift */,
				67858A421A789F1E00114EE7 /* DataViewController.swift */,
				67858A441A789F1E00114EE7 /* ModelController.swift */,
				67858A461A789F1E00114EE7 /* Main.storyboard */,
				67858A491A789F1E00114EE7 /* Images.xcassets */,
				67858A4B1A789F1E00114EE7 /* LaunchScreen.xib */,
				67858A3C1A789F1E00114EE7 /* Supporting Files */,
			);
			path = Page;
			sourceTree = "<group>";
		};
		67858A3C1A789F1E00114EE7 /* Supporting Files */ = {
			isa = PBXGroup;
			children = (
				67858A3D1A789F1E00114EE7 /* Info.plist */,
			);
			name = "Supporting Files";
			sourceTree = "<group>";
		};
		67858A551A789F1E00114EE7 /* PageTests */ = {
			isa = PBXGroup;
			children = (
				67858A581A789F1E00114EE7 /* PageTests.swift */,
				67858A561A789F1E00114EE7 /* Supporting Files */,
			);
			path = PageTests;
			sourceTree = "<group>";
		};
		67858A561A789F1E00114EE7 /* Supporting Files */ = {
			isa = PBXGroup;
			children = (
				67858A571A789F1E00114EE7 /* Info.plist */,
			);
			name = "Supporting Files";
			sourceTree = "<group>";
		};
/* End PBXGroup section */

/* Begin PBXNativeTarget section */
		67858A381A789F1E00114EE7 /* Page */ = {
			isa = PBXNativeTarget;
			buildConfigurationList = 67858A5C1A789F1E00114EE7 /* Build configuration list for PBXNativeTarget "Page" */;
			buildPhases = (
				67858A351A789F1E00114EE7 /* Sources */,
				67858A361A789F1E00114EE7 /* Frameworks */,
				67858A371A789F1E00114EE7 /* Resources */,
			);
			buildRules = (
			);
			dependencies = (
			);
			name = Page;
			productName = Page;
			productReference = 67858A391A789F1E00114EE7 /* Page.app */;
			productType = "com.apple.product-type.application";
		};
		67858A511A789F1E00114EE7 /* PageTests */ = {
			isa = PBXNativeTarget;
			buildConfigurationList = 67858A5F1A789F1E00114EE7 /* Build configuration list for PBXNativeTarget "PageTests" */;
			buildPhases = (
				67858A4E1A789F1E00114EE7 /* Sources */,
				67858A4F1A789F1E00114EE7 /* Frameworks */,
				67858A501A789F1E00114EE7 /* Resources */,
			);
			buildRules = (
			);
			dependencies = (
				67858A541A789F1E00114EE7 /* PBXTargetDependency */,
			);
			name = PageTests;
			productName = PageTests;
			productReference = 67858A521A789F1E00114EE7 /* PageTests.xctest */;
			productType = "com.apple.product-type.bundle.unit-test";
		};
/* End PBXNativeTarget section */

/* Begin PBXProject section */
		67858A311A789F1E00114EE7 /* Project object */ = {
			isa = PBXProject;
			attributes = {
				LastUpgradeCheck = 0610;
				ORGANIZATIONNAME = "Prat Tanapaisankit";
				TargetAttributes = {
					67858A381A789F1E00114EE7 = {
						CreatedOnToolsVersion = 6.1.1;
					};
					67858A511A789F1E00114EE7 = {
						CreatedOnToolsVersion = 6.1.1;
						TestTargetID = 67858A381A789F1E00114EE7;
					};
				};
			};
			buildConfigurationList = 67858A341A789F1E00114EE7 /* Build configuration list for PBXProject "Page" */;
			compatibilityVersion = "Xcode 3.2";
			developmentRegion = English;
			hasScannedForEncodings = 0;
			knownRegions = (
				en,
				Base,
			);
			mainGroup = 67858A301A789F1E00114EE7;
			productRefGroup = 67858A3A1A789F1E00114EE7 /* Products */;
			projectDirPath = "";
			projectRoot = "";
			targets = (
				67858A381A789F1E00114EE7 /* Page */,
				67858A511A789F1E00114EE7 /* PageTests */,
			);
		};
/* End PBXProject section */

/* Begin PBXResourcesBuildPhase section */
		67858A371A789F1E00114EE7 /* Resources */ = {
			isa = PBXResourcesBuildPhase;
			buildActionMask = 2147483647;
			files = (
				67858A481A789F1E00114EE7 /* Main.storyboard in Resources */,
				67858A4D1A789F1E00114EE7 /* LaunchScreen.xib in Resources */,
				67858A4A1A789F1E00114EE7 /* Images.xcassets in Resources */,
			);
			runOnlyForDeploymentPostprocessing = 0;
		};
		67858A501A789F1E00114EE7 /* Resources */ = {
			isa = PBXResourcesBuildPhase;
			buildActionMask = 2147483647;
			files = (
			);
			runOnlyForDeploymentPostprocessing = 0;
		};
/* End PBXResourcesBuildPhase section */

/* Begin PBXSourcesBuildPhase section */
		67858A351A789F1E00114EE7 /* Sources */ = {
			isa = PBXSourcesBuildPhase;
			buildActionMask = 2147483647;
			files = (
				67858A411A789F1E00114EE7 /* RootViewController.swift in Sources */,
				67858A451A789F1E00114EE7 /* ModelController.swift in Sources */,
				67858A431A789F1E00114EE7 /* DataViewController.swift in Sources */,
				67858A3F1A789F1E00114EE7 /* AppDelegate.swift in Sources */,
			);
			runOnlyForDeploymentPostprocessing = 0;
		};
		67858A4E1A789F1E00114EE7 /* Sources */ = {
			isa = PBXSourcesBuildPhase;
			buildActionMask = 2147483647;
			files = (
				67858A591A789F1E00114EE7 /* PageTests.swift in Sources */,
			);
			runOnlyForDeploymentPostprocessing = 0;
		};
/* End PBXSourcesBuildPhase section */

/* Begin PBXTargetDependency section */
		67858A541A789F1E00114EE7 /* PBXTargetDependency */ = {
			isa = PBXTargetDependency;
			target = 67858A381A789F1E00114EE7 /* Page */;
			targetProxy = 67858A531A789F1E00114EE7 /* PBXContainerItemProxy */;
		};
/* End PBXTargetDependency section */

/* Begin PBXVariantGroup section */
		67858A461A789F1E00114EE7 /* Main.storyboard */ = {
			isa = PBXVariantGroup;
			children = (
				67858A471A789F1E00114EE7 /* Base */,
			);
			name = Main.storyboard;
			sourceTree = "<group>";
		};
		67858A4B1A789F1E00114EE7 /* LaunchScreen.xib */ = {
			isa = PBXVariantGroup;
			children = (
				67858A4C1A789F1E00114EE7 /* Base */,
			);
			name = LaunchScreen.xib;
			sourceTree = "<group>";
		};
/* End PBXVariantGroup section */

/* Begin XCBuildConfiguration section */
		67858A5A1A789F1E00114EE7 /* Debug */ = {
			isa = XCBuildConfiguration;
			buildSettings = {
				ALWAYS_SEARCH_USER_PATHS = NO;
				CLANG_CXX_LANGUAGE_STANDARD = "gnu++0x";
				CLANG_CXX_LIBRARY = "libc++";
				CLANG_ENABLE_MODULES = YES;
				CLANG_ENABLE_OBJC_ARC = YES;
				CLANG_WARN_BOOL_CONVERSION = YES;
				CLANG_WARN_CONSTANT_CONVERSION = YES;
				CLANG_WARN_DIRECT_OBJC_ISA_USAGE = YES_ERROR;
				CLANG_WARN_EMPTY_BODY = YES;
				CLANG_WARN_ENUM_CONVERSION = YES;
				CLANG_WARN_INT_CONVERSION = YES;
				CLANG_WARN_OBJC_ROOT_CLASS = YES_ERROR;
				CLANG_WARN_UNREACHABLE_CODE = YES;
				CLANG_WARN__DUPLICATE_METHOD_MATCH = YES;
				"CODE_SIGN_IDENTITY[sdk=iphoneos*]" = "iPhone Developer";
				COPY_PHASE_STRIP = NO;
				ENABLE_STRICT_OBJC_MSGSEND = YES;
				GCC_C_LANGUAGE_STANDARD = gnu99;
				GCC_DYNAMIC_NO_PIC = NO;
				GCC_OPTIMIZATION_LEVEL = 0;
				GCC_PREPROCESSOR_DEFINITIONS = (
					"DEBUG=1",
					"$(inherited)",
				);
				GCC_SYMBOLS_PRIVATE_EXTERN = NO;
				GCC_WARN_64_TO_32_BIT_CONVERSION = YES;
				GCC_WARN_ABOUT_RETURN_TYPE = YES_ERROR;
				GCC_WARN_UNDECLARED_SELECTOR = YES;
				GCC_WARN_UNINITIALIZED_AUTOS = YES_AGGRESSIVE;
				GCC_WARN_UNUSED_FUNCTION = YES;
				GCC_WARN_UNUSED_VARIABLE = YES;
				IPHONEOS_DEPLOYMENT_TARGET = 8.1;
				MTL_ENABLE_DEBUG_INFO = YES;
				ONLY_ACTIVE_ARCH = YES;
				SDKROOT = iphoneos;
				SWIFT_OPTIMIZATION_LEVEL = "-Onone";
				TARGETED_DEVICE_FAMILY = "1,2";
			};
			name = Debug;
		};
		67858A5B1A789F1E00114EE7 /* Release */ = {
			isa = XCBuildConfiguration;
			buildSettings = {
				ALWAYS_SEARCH_USER_PATHS = NO;
				CLANG_CXX_LANGUAGE_STANDARD = "gnu++0x";
				CLANG_CXX_LIBRARY = "libc++";
				CLANG_ENABLE_MODULES = YES;
				CLANG_ENABLE_OBJC_ARC = YES;
				CLANG_WARN_BOOL_CONVERSION = YES;
				CLANG_WARN_CONSTANT_CONVERSION = YES;
				CLANG_WARN_DIRECT_OBJC_ISA_USAGE = YES_ERROR;
				CLANG_WARN_EMPTY_BODY = YES;
				CLANG_WARN_ENUM_CONVERSION = YES;
				CLANG_WARN_INT_CONVERSION = YES;
				CLANG_WARN_OBJC_ROOT_CLASS = YES_ERROR;
				CLANG_WARN_UNREACHABLE_CODE = YES;
				CLANG_WARN__DUPLICATE_METHOD_MATCH = YES;
				"CODE_SIGN_IDENTITY[sdk=iphoneos*]" = "iPhone Developer";
				COPY_PHASE_STRIP = YES;
				ENABLE_NS_ASSERTIONS = NO;
				ENABLE_STRICT_OBJC_MSGSEND = YES;
				GCC_C_LANGUAGE_STANDARD = gnu99;
				GCC_WARN_64_TO_32_BIT_CONVERSION = YES;
				GCC_WARN_ABOUT_RETURN_TYPE = YES_ERROR;
				GCC_WARN_UNDECLARED_SELECTOR = YES;
				GCC_WARN_UNINITIALIZED_AUTOS = YES_AGGRESSIVE;
				GCC_WARN_UNUSED_FUNCTION = YES;
				GCC_WARN_UNUSED_VARIABLE = YES;
				IPHONEOS_DEPLOYMENT_TARGET = 8.1;
				MTL_ENABLE_DEBUG_INFO = NO;
				SDKROOT = iphoneos;
				TARGETED_DEVICE_FAMILY = "1,2";
				VALIDATE_PRODUCT = YES;
			};
			name = Release;
		};
		67858A5D1A789F1E00114EE7 /* Debug */ = {
			isa = XCBuildConfiguration;
			buildSettings = {
				ASSETCATALOG_COMPILER_APPICON_NAME = AppIcon;
				INFOPLIST_FILE = Page/Info.plist;
				LD_RUNPATH_SEARCH_PATHS = "$(inherited) @executable_path/Frameworks";
				PRODUCT_NAME = "$(TARGET_NAME)";
			};
			name = Debug;
		};
		67858A5E1A789F1E00114EE7 /* Release */ = {
			isa = XCBuildConfiguration;
			buildSettings = {
				ASSETCATALOG_COMPILER_APPICON_NAME = AppIcon;
				INFOPLIST_FILE = Page/Info.plist;
				LD_RUNPATH_SEARCH_PATHS = "$(inherited) @executable_path/Frameworks";
				PRODUCT_NAME = "$(TARGET_NAME)";
			};
			name = Release;
		};
		67858A601A789F1E00114EE7 /* Debug */ = {
			isa = XCBuildConfiguration;
			buildSettings = {
				BUNDLE_LOADER = "$(TEST_HOST)";
				FRAMEWORK_SEARCH_PATHS = (
					"$(SDKROOT)/Developer/Library/Frameworks",
					"$(inherited)",
				);
				GCC_PREPROCESSOR_DEFINITIONS = (
					"DEBUG=1",
					"$(inherited)",
				);
				INFOPLIST_FILE = PageTests/Info.plist;
				LD_RUNPATH_SEARCH_PATHS = "$(inherited) @executable_path/Frameworks @loader_path/Frameworks";
				PRODUCT_NAME = "$(TARGET_NAME)";
				TEST_HOST = "$(BUILT_PRODUCTS_DIR)/Page.app/Page";
			};
			name = Debug;
		};
		67858A611A789F1E00114EE7 /* Release */ = {
			isa = XCBuildConfiguration;
			buildSettings = {
				BUNDLE_LOADER = "$(TEST_HOST)";
				FRAMEWORK_SEARCH_PATHS = (
					"$(SDKROOT)/Developer/Library/Frameworks",
					"$(inherited)",
				);
				INFOPLIST_FILE = PageTests/Info.plist;
				LD_RUNPATH_SEARCH_PATHS = "$(inherited) @executable_path/Frameworks @loader_path/Frameworks";
				PRODUCT_NAME = "$(TARGET_NAME)";
				TEST_HOST = "$(BUILT_PRODUCTS_DIR)/Page.app/Page";
			};
			name = Release;
		};
/* End XCBuildConfiguration section */

/* Begin XCConfigurationList section */
		67858A341A789F1E00114EE7 /* Build configuration list for PBXProject "Page" */ = {
			isa = XCConfigurationList;
			buildConfigurations = (
				67858A5A1A789F1E00114EE7 /* Debug */,
				67858A5B1A789F1E00114EE7 /* Release */,
			);
			defaultConfigurationIsVisible = 0;
			defaultConfigurationName = Release;
		};
		67858A5C1A789F1E00114EE7 /* Build configuration list for PBXNativeTarget "Page" */ = {
			isa = XCConfigurationList;
			buildConfigurations = (
				67858A5D1A789F1E00114EE7 /* Debug */,
				67858A5E1A789F1E00114EE7 /* Release */,
			);
			defaultConfigurationIsVisible = 0;
		};
		67858A5F1A789F1E00114EE7 /* Build configuration list for PBXNativeTarget "PageTests" */ = {
			isa = XCConfigurationList;
			buildConfigurations = (
				67858A601A789F1E00114EE7 /* Debug */,
				67858A611A789F1E00114EE7 /* Release */,
			);
			defaultConfigurationIsVisible = 0;
		};
/* End XCConfigurationList section */
	};
	rootObject = 67858A311A789F1E00114EE7 /* Project object */;
}
