// !$*UTF8*$!
{
	archiveVersion = 1;
	classes = {
	};
	objectVersion = 46;
	objects = {

/* Begin PBXBuildFile section */
		20EB82221A5E38C2006ED292 /* AppDelegate.swift in Sources */ = {isa = PBXBuildFile; fileRef = 20EB82211A5E38C2006ED292 /* AppDelegate.swift */; };
		20EB82241A5E38C2006ED292 /* ViewController.swift in Sources */ = {isa = PBXBuildFile; fileRef = 20EB82231A5E38C2006ED292 /* ViewController.swift */; };
		20EB82271A5E38C2006ED292 /* Main.storyboard in Resources */ = {isa = PBXBuildFile; fileRef = 20EB82251A5E38C2006ED292 /* Main.storyboard */; };
		20EB82291A5E38C2006ED292 /* Images.xcassets in Resources */ = {isa = PBXBuildFile; fileRef = 20EB82281A5E38C2006ED292 /* Images.xcassets */; };
		20EB822C1A5E38C2006ED292 /* LaunchScreen.xib in Resources */ = {isa = PBXBuildFile; fileRef = 20EB822A1A5E38C2006ED292 /* LaunchScreen.xib */; };
		20EB82381A5E38C2006ED292 /* TestSwiftTests.swift in Sources */ = {isa = PBXBuildFile; fileRef = 20EB82371A5E38C2006ED292 /* TestSwiftTests.swift */; };
		20EB82441A5E3B17006ED292 /* TipCalculatorModel.swift in Sources */ = {isa = PBXBuildFile; fileRef = 20EB82431A5E3B17006ED292 /* TipCalculatorModel.swift */; };
/* End PBXBuildFile section */

/* Begin PBXContainerItemProxy section */
		20EB82321A5E38C2006ED292 /* PBXContainerItemProxy */ = {
			isa = PBXContainerItemProxy;
			containerPortal = 20EB82141A5E38C2006ED292 /* Project object */;
			proxyType = 1;
			remoteGlobalIDString = 20EB821B1A5E38C2006ED292;
			remoteInfo = TestSwift;
		};
/* End PBXContainerItemProxy section */

/* Begin PBXFileReference section */
		20EB821C1A5E38C2006ED292 /* TestSwift.app */ = {isa = PBXFileReference; explicitFileType = wrapper.application; includeInIndex = 0; path = TestSwift.app; sourceTree = BUILT_PRODUCTS_DIR; };
		20EB82201A5E38C2006ED292 /* Info.plist */ = {isa = PBXFileReference; lastKnownFileType = text.plist.xml; path = Info.plist; sourceTree = "<group>"; };
		20EB82211A5E38C2006ED292 /* AppDelegate.swift */ = {isa = PBXFileReference; lastKnownFileType = sourcecode.swift; path = AppDelegate.swift; sourceTree = "<group>"; };
		20EB82231A5E38C2006ED292 /* ViewController.swift */ = {isa = PBXFileReference; lastKnownFileType = sourcecode.swift; path = ViewController.swift; sourceTree = "<group>"; };
		20EB82261A5E38C2006ED292 /* Base */ = {isa = PBXFileReference; lastKnownFileType = file.storyboard; name = Base; path = Base.lproj/Main.storyboard; sourceTree = "<group>"; };
		20EB82281A5E38C2006ED292 /* Images.xcassets */ = {isa = PBXFileReference; lastKnownFileType = folder.assetcatalog; path = Images.xcassets; sourceTree = "<group>"; };
		20EB822B1A5E38C2006ED292 /* Base */ = {isa = PBXFileReference; lastKnownFileType = file.xib; name = Base; path = Base.lproj/LaunchScreen.xib; sourceTree = "<group>"; };
		20EB82311A5E38C2006ED292 /* TestSwiftTests.xctest */ = {isa = PBXFileReference; explicitFileType = wrapper.cfbundle; includeInIndex = 0; path = TestSwiftTests.xctest; sourceTree = BUILT_PRODUCTS_DIR; };
		20EB82361A5E38C2006ED292 /* Info.plist */ = {isa = PBXFileReference; lastKnownFileType = text.plist.xml; path = Info.plist; sourceTree = "<group>"; };
		20EB82371A5E38C2006ED292 /* TestSwiftTests.swift */ = {isa = PBXFileReference; lastKnownFileType = sourcecode.swift; path = TestSwiftTests.swift; sourceTree = "<group>"; };
		20EB82431A5E3B17006ED292 /* TipCalculatorModel.swift */ = {isa = PBXFileReference; fileEncoding = 4; lastKnownFileType = sourcecode.swift; path = TipCalculatorModel.swift; sourceTree = "<group>"; };
/* End PBXFileReference section */

/* Begin PBXFrameworksBuildPhase section */
		20EB82191A5E38C2006ED292 /* Frameworks */ = {
			isa = PBXFrameworksBuildPhase;
			buildActionMask = 2147483647;
			files = (
			);
			runOnlyForDeploymentPostprocessing = 0;
		};
		20EB822E1A5E38C2006ED292 /* Frameworks */ = {
			isa = PBXFrameworksBuildPhase;
			buildActionMask = 2147483647;
			files = (
			);
			runOnlyForDeploymentPostprocessing = 0;
		};
/* End PBXFrameworksBuildPhase section */

/* Begin PBXGroup section */
		20EB82131A5E38C2006ED292 = {
			isa = PBXGroup;
			children = (
				20EB82431A5E3B17006ED292 /* TipCalculatorModel.swift */,
				20EB821E1A5E38C2006ED292 /* TestSwift */,
				20EB82341A5E38C2006ED292 /* TestSwiftTests */,
				20EB821D1A5E38C2006ED292 /* Products */,
			);
			sourceTree = "<group>";
		};
		20EB821D1A5E38C2006ED292 /* Products */ = {
			isa = PBXGroup;
			children = (
				20EB821C1A5E38C2006ED292 /* TestSwift.app */,
				20EB82311A5E38C2006ED292 /* TestSwiftTests.xctest */,
			);
			name = Products;
			sourceTree = "<group>";
		};
		20EB821E1A5E38C2006ED292 /* TestSwift */ = {
			isa = PBXGroup;
			children = (
				20EB82211A5E38C2006ED292 /* AppDelegate.swift */,
				20EB82231A5E38C2006ED292 /* ViewController.swift */,
				20EB82251A5E38C2006ED292 /* Main.storyboard */,
				20EB82281A5E38C2006ED292 /* Images.xcassets */,
				20EB822A1A5E38C2006ED292 /* LaunchScreen.xib */,
				20EB821F1A5E38C2006ED292 /* Supporting Files */,
			);
			path = TestSwift;
			sourceTree = "<group>";
		};
		20EB821F1A5E38C2006ED292 /* Supporting Files */ = {
			isa = PBXGroup;
			children = (
				20EB82201A5E38C2006ED292 /* Info.plist */,
			);
			name = "Supporting Files";
			sourceTree = "<group>";
		};
		20EB82341A5E38C2006ED292 /* TestSwiftTests */ = {
			isa = PBXGroup;
			children = (
				20EB82371A5E38C2006ED292 /* TestSwiftTests.swift */,
				20EB82351A5E38C2006ED292 /* Supporting Files */,
			);
			path = TestSwiftTests;
			sourceTree = "<group>";
		};
		20EB82351A5E38C2006ED292 /* Supporting Files */ = {
			isa = PBXGroup;
			children = (
				20EB82361A5E38C2006ED292 /* Info.plist */,
			);
			name = "Supporting Files";
			sourceTree = "<group>";
		};
/* End PBXGroup section */

/* Begin PBXNativeTarget section */
		20EB821B1A5E38C2006ED292 /* TestSwift */ = {
			isa = PBXNativeTarget;
			buildConfigurationList = 20EB823B1A5E38C2006ED292 /* Build configuration list for PBXNativeTarget "TestSwift" */;
			buildPhases = (
				20EB82181A5E38C2006ED292 /* Sources */,
				20EB82191A5E38C2006ED292 /* Frameworks */,
				20EB821A1A5E38C2006ED292 /* Resources */,
			);
			buildRules = (
			);
			dependencies = (
			);
			name = TestSwift;
			productName = TestSwift;
			productReference = 20EB821C1A5E38C2006ED292 /* TestSwift.app */;
			productType = "com.apple.product-type.application";
		};
		20EB82301A5E38C2006ED292 /* TestSwiftTests */ = {
			isa = PBXNativeTarget;
			buildConfigurationList = 20EB823E1A5E38C2006ED292 /* Build configuration list for PBXNativeTarget "TestSwiftTests" */;
			buildPhases = (
				20EB822D1A5E38C2006ED292 /* Sources */,
				20EB822E1A5E38C2006ED292 /* Frameworks */,
				20EB822F1A5E38C2006ED292 /* Resources */,
			);
			buildRules = (
			);
			dependencies = (
				20EB82331A5E38C2006ED292 /* PBXTargetDependency */,
			);
			name = TestSwiftTests;
			productName = TestSwiftTests;
			productReference = 20EB82311A5E38C2006ED292 /* TestSwiftTests.xctest */;
			productType = "com.apple.product-type.bundle.unit-test";
		};
/* End PBXNativeTarget section */

/* Begin PBXProject section */
		20EB82141A5E38C2006ED292 /* Project object */ = {
			isa = PBXProject;
			attributes = {
				LastUpgradeCheck = 0610;
				ORGANIZATIONNAME = "Prat Tanapaisankit";
				TargetAttributes = {
					20EB821B1A5E38C2006ED292 = {
						CreatedOnToolsVersion = 6.1.1;
					};
					20EB82301A5E38C2006ED292 = {
						CreatedOnToolsVersion = 6.1.1;
						TestTargetID = 20EB821B1A5E38C2006ED292;
					};
				};
			};
			buildConfigurationList = 20EB82171A5E38C2006ED292 /* Build configuration list for PBXProject "TestSwift" */;
			compatibilityVersion = "Xcode 3.2";
			developmentRegion = English;
			hasScannedForEncodings = 0;
			knownRegions = (
				en,
				Base,
			);
			mainGroup = 20EB82131A5E38C2006ED292;
			productRefGroup = 20EB821D1A5E38C2006ED292 /* Products */;
			projectDirPath = "";
			projectRoot = "";
			targets = (
				20EB821B1A5E38C2006ED292 /* TestSwift */,
				20EB82301A5E38C2006ED292 /* TestSwiftTests */,
			);
		};
/* End PBXProject section */

/* Begin PBXResourcesBuildPhase section */
		20EB821A1A5E38C2006ED292 /* Resources */ = {
			isa = PBXResourcesBuildPhase;
			buildActionMask = 2147483647;
			files = (
				20EB82271A5E38C2006ED292 /* Main.storyboard in Resources */,
				20EB822C1A5E38C2006ED292 /* LaunchScreen.xib in Resources */,
				20EB82291A5E38C2006ED292 /* Images.xcassets in Resources */,
			);
			runOnlyForDeploymentPostprocessing = 0;
		};
		20EB822F1A5E38C2006ED292 /* Resources */ = {
			isa = PBXResourcesBuildPhase;
			buildActionMask = 2147483647;
			files = (
			);
			runOnlyForDeploymentPostprocessing = 0;
		};
/* End PBXResourcesBuildPhase section */

/* Begin PBXSourcesBuildPhase section */
		20EB82181A5E38C2006ED292 /* Sources */ = {
			isa = PBXSourcesBuildPhase;
			buildActionMask = 2147483647;
			files = (
				20EB82441A5E3B17006ED292 /* TipCalculatorModel.swift in Sources */,
				20EB82241A5E38C2006ED292 /* ViewController.swift in Sources */,
				20EB82221A5E38C2006ED292 /* AppDelegate.swift in Sources */,
			);
			runOnlyForDeploymentPostprocessing = 0;
		};
		20EB822D1A5E38C2006ED292 /* Sources */ = {
			isa = PBXSourcesBuildPhase;
			buildActionMask = 2147483647;
			files = (
				20EB82381A5E38C2006ED292 /* TestSwiftTests.swift in Sources */,
			);
			runOnlyForDeploymentPostprocessing = 0;
		};
/* End PBXSourcesBuildPhase section */

/* Begin PBXTargetDependency section */
		20EB82331A5E38C2006ED292 /* PBXTargetDependency */ = {
			isa = PBXTargetDependency;
			target = 20EB821B1A5E38C2006ED292 /* TestSwift */;
			targetProxy = 20EB82321A5E38C2006ED292 /* PBXContainerItemProxy */;
		};
/* End PBXTargetDependency section */

/* Begin PBXVariantGroup section */
		20EB82251A5E38C2006ED292 /* Main.storyboard */ = {
			isa = PBXVariantGroup;
			children = (
				20EB82261A5E38C2006ED292 /* Base */,
			);
			name = Main.storyboard;
			sourceTree = "<group>";
		};
		20EB822A1A5E38C2006ED292 /* LaunchScreen.xib */ = {
			isa = PBXVariantGroup;
			children = (
				20EB822B1A5E38C2006ED292 /* Base */,
			);
			name = LaunchScreen.xib;
			sourceTree = "<group>";
		};
/* End PBXVariantGroup section */

/* Begin XCBuildConfiguration section */
		20EB82391A5E38C2006ED292 /* Debug */ = {
			isa = XCBuildConfiguration;
			buildSettings = {
				ALWAYS_SEARCH_USER_PATHS = NO;
				CLANG_CXX_LANGUAGE_STANDARD = "gnu++0x";
				CLANG_CXX_LIBRARY = "libc++";
				CLANG_ENABLE_MODULES = YES;
				CLANG_ENABLE_OBJC_ARC = YES;
				CLANG_WARN_BOOL_CONVERSION = YES;
				CLANG_WARN_CONSTANT_CONVERSION = YES;
				CLANG_WARN_DIRECT_OBJC_ISA_USAGE = YES_ERROR;
				CLANG_WARN_EMPTY_BODY = YES;
				CLANG_WARN_ENUM_CONVERSION = YES;
				CLANG_WARN_INT_CONVERSION = YES;
				CLANG_WARN_OBJC_ROOT_CLASS = YES_ERROR;
				CLANG_WARN_UNREACHABLE_CODE = YES;
				CLANG_WARN__DUPLICATE_METHOD_MATCH = YES;
				"CODE_SIGN_IDENTITY[sdk=iphoneos*]" = "iPhone Developer";
				COPY_PHASE_STRIP = NO;
				ENABLE_STRICT_OBJC_MSGSEND = YES;
				GCC_C_LANGUAGE_STANDARD = gnu99;
				GCC_DYNAMIC_NO_PIC = NO;
				GCC_OPTIMIZATION_LEVEL = 0;
				GCC_PREPROCESSOR_DEFINITIONS = (
					"DEBUG=1",
					"$(inherited)",
				);
				GCC_SYMBOLS_PRIVATE_EXTERN = NO;
				GCC_WARN_64_TO_32_BIT_CONVERSION = YES;
				GCC_WARN_ABOUT_RETURN_TYPE = YES_ERROR;
				GCC_WARN_UNDECLARED_SELECTOR = YES;
				GCC_WARN_UNINITIALIZED_AUTOS = YES_AGGRESSIVE;
				GCC_WARN_UNUSED_FUNCTION = YES;
				GCC_WARN_UNUSED_VARIABLE = YES;
				IPHONEOS_DEPLOYMENT_TARGET = 8.1;
				MTL_ENABLE_DEBUG_INFO = YES;
				ONLY_ACTIVE_ARCH = YES;
				SDKROOT = iphoneos;
				SWIFT_OPTIMIZATION_LEVEL = "-Onone";
			};
			name = Debug;
		};
		20EB823A1A5E38C2006ED292 /* Release */ = {
			isa = XCBuildConfiguration;
			buildSettings = {
				ALWAYS_SEARCH_USER_PATHS = NO;
				CLANG_CXX_LANGUAGE_STANDARD = "gnu++0x";
				CLANG_CXX_LIBRARY = "libc++";
				CLANG_ENABLE_MODULES = YES;
				CLANG_ENABLE_OBJC_ARC = YES;
				CLANG_WARN_BOOL_CONVERSION = YES;
				CLANG_WARN_CONSTANT_CONVERSION = YES;
				CLANG_WARN_DIRECT_OBJC_ISA_USAGE = YES_ERROR;
				CLANG_WARN_EMPTY_BODY = YES;
				CLANG_WARN_ENUM_CONVERSION = YES;
				CLANG_WARN_INT_CONVERSION = YES;
				CLANG_WARN_OBJC_ROOT_CLASS = YES_ERROR;
				CLANG_WARN_UNREACHABLE_CODE = YES;
				CLANG_WARN__DUPLICATE_METHOD_MATCH = YES;
				"CODE_SIGN_IDENTITY[sdk=iphoneos*]" = "iPhone Developer";
				COPY_PHASE_STRIP = YES;
				ENABLE_NS_ASSERTIONS = NO;
				ENABLE_STRICT_OBJC_MSGSEND = YES;
				GCC_C_LANGUAGE_STANDARD = gnu99;
				GCC_WARN_64_TO_32_BIT_CONVERSION = YES;
				GCC_WARN_ABOUT_RETURN_TYPE = YES_ERROR;
				GCC_WARN_UNDECLARED_SELECTOR = YES;
				GCC_WARN_UNINITIALIZED_AUTOS = YES_AGGRESSIVE;
				GCC_WARN_UNUSED_FUNCTION = YES;
				GCC_WARN_UNUSED_VARIABLE = YES;
				IPHONEOS_DEPLOYMENT_TARGET = 8.1;
				MTL_ENABLE_DEBUG_INFO = NO;
				SDKROOT = iphoneos;
				VALIDATE_PRODUCT = YES;
			};
			name = Release;
		};
		20EB823C1A5E38C2006ED292 /* Debug */ = {
			isa = XCBuildConfiguration;
			buildSettings = {
				ASSETCATALOG_COMPILER_APPICON_NAME = AppIcon;
				INFOPLIST_FILE = TestSwift/Info.plist;
				LD_RUNPATH_SEARCH_PATHS = "$(inherited) @executable_path/Frameworks";
				PRODUCT_NAME = "$(TARGET_NAME)";
			};
			name = Debug;
		};
		20EB823D1A5E38C2006ED292 /* Release */ = {
			isa = XCBuildConfiguration;
			buildSettings = {
				ASSETCATALOG_COMPILER_APPICON_NAME = AppIcon;
				INFOPLIST_FILE = TestSwift/Info.plist;
				LD_RUNPATH_SEARCH_PATHS = "$(inherited) @executable_path/Frameworks";
				PRODUCT_NAME = "$(TARGET_NAME)";
			};
			name = Release;
		};
		20EB823F1A5E38C2006ED292 /* Debug */ = {
			isa = XCBuildConfiguration;
			buildSettings = {
				BUNDLE_LOADER = "$(TEST_HOST)";
				FRAMEWORK_SEARCH_PATHS = (
					"$(SDKROOT)/Developer/Library/Frameworks",
					"$(inherited)",
				);
				GCC_PREPROCESSOR_DEFINITIONS = (
					"DEBUG=1",
					"$(inherited)",
				);
				INFOPLIST_FILE = TestSwiftTests/Info.plist;
				LD_RUNPATH_SEARCH_PATHS = "$(inherited) @executable_path/Frameworks @loader_path/Frameworks";
				PRODUCT_NAME = "$(TARGET_NAME)";
				TEST_HOST = "$(BUILT_PRODUCTS_DIR)/TestSwift.app/TestSwift";
			};
			name = Debug;
		};
		20EB82401A5E38C2006ED292 /* Release */ = {
			isa = XCBuildConfiguration;
			buildSettings = {
				BUNDLE_LOADER = "$(TEST_HOST)";
				FRAMEWORK_SEARCH_PATHS = (
					"$(SDKROOT)/Developer/Library/Frameworks",
					"$(inherited)",
				);
				INFOPLIST_FILE = TestSwiftTests/Info.plist;
				LD_RUNPATH_SEARCH_PATHS = "$(inherited) @executable_path/Frameworks @loader_path/Frameworks";
				PRODUCT_NAME = "$(TARGET_NAME)";
				TEST_HOST = "$(BUILT_PRODUCTS_DIR)/TestSwift.app/TestSwift";
			};
			name = Release;
		};
/* End XCBuildConfiguration section */

/* Begin XCConfigurationList section */
		20EB82171A5E38C2006ED292 /* Build configuration list for PBXProject "TestSwift" */ = {
			isa = XCConfigurationList;
			buildConfigurations = (
				20EB82391A5E38C2006ED292 /* Debug */,
				20EB823A1A5E38C2006ED292 /* Release */,
			);
			defaultConfigurationIsVisible = 0;
			defaultConfigurationName = Release;
		};
		20EB823B1A5E38C2006ED292 /* Build configuration list for PBXNativeTarget "TestSwift" */ = {
			isa = XCConfigurationList;
			buildConfigurations = (
				20EB823C1A5E38C2006ED292 /* Debug */,
				20EB823D1A5E38C2006ED292 /* Release */,
			);
			defaultConfigurationIsVisible = 0;
		};
		20EB823E1A5E38C2006ED292 /* Build configuration list for PBXNativeTarget "TestSwiftTests" */ = {
			isa = XCConfigurationList;
			buildConfigurations = (
				20EB823F1A5E38C2006ED292 /* Debug */,
				20EB82401A5E38C2006ED292 /* Release */,
			);
			defaultConfigurationIsVisible = 0;
		};
/* End XCConfigurationList section */
	};
	rootObject = 20EB82141A5E38C2006ED292 /* Project object */;
}
